// !$*UTF8*$!
{
	archiveVersion = 1;
	classes = {
	};
	objectVersion = 46;
	objects = {

/* Begin PBXBuildFile section */
		1D3623260D0F684500981E51 /* photojAppDelegate.m in Sources */ = {isa = PBXBuildFile; fileRef = 1D3623250D0F684500981E51 /* photojAppDelegate.m */; };
		1D60589B0D05DD56006BFB54 /* main.m in Sources */ = {isa = PBXBuildFile; fileRef = 29B97316FDCFA39411CA2CEA /* main.m */; };
		1D60589F0D05DD5A006BFB54 /* Foundation.framework in Frameworks */ = {isa = PBXBuildFile; fileRef = 1D30AB110D05D00D00671497 /* Foundation.framework */; };
		1DF5F4E00D08C38300B7A737 /* UIKit.framework in Frameworks */ = {isa = PBXBuildFile; fileRef = 1DF5F4DF0D08C38300B7A737 /* UIKit.framework */; };
		288765A50DF7441C002DB57D /* CoreGraphics.framework in Frameworks */ = {isa = PBXBuildFile; fileRef = 288765A40DF7441C002DB57D /* CoreGraphics.framework */; };
		2899E5220DE3E06400AC0155 /* photojViewController.xib in Resources */ = {isa = PBXBuildFile; fileRef = 2899E5210DE3E06400AC0155 /* photojViewController.xib */; };
		B905549D19DBCA2200E13649 /* photo.png in Resources */ = {isa = PBXBuildFile; fileRef = B905549C19DBCA2200E13649 /* photo.png */; };
		B905549F19DBCA4A00E13649 /* cache.manifest in Resources */ = {isa = PBXBuildFile; fileRef = B905549E19DBCA4A00E13649 /* cache.manifest */; };
		B90554A119DBCA5200E13649 /* favicon.ico in Resources */ = {isa = PBXBuildFile; fileRef = B90554A019DBCA5200E13649 /* favicon.ico */; };
		B90554A319DBCA5B00E13649 /* indexa.html in Resources */ = {isa = PBXBuildFile; fileRef = B90554A219DBCA5B00E13649 /* indexa.html */; };
		B90554A519DBCA6A00E13649 /* photo_controller.js in Resources */ = {isa = PBXBuildFile; fileRef = B90554A419DBCA6A00E13649 /* photo_controller.js */; };
		B90554A719DBCA7000E13649 /* photo_model.js in Resources */ = {isa = PBXBuildFile; fileRef = B90554A619DBCA7000E13649 /* photo_model.js */; };
		B90554A919DBCA7900E13649 /* photo.css in Resources */ = {isa = PBXBuildFile; fileRef = B90554A819DBCA7900E13649 /* photo.css */; };
		B90554AB19DBCA8900E13649 /* photo_controller_ios.js in Resources */ = {isa = PBXBuildFile; fileRef = B90554AA19DBCA8900E13649 /* photo_controller_ios.js */; };
		B90554AD19DBD7BA00E13649 /* photojViewController.m in Sources */ = {isa = PBXBuildFile; fileRef = B90554AC19DBD7BA00E13649 /* photojViewController.m */; };
		B921DCD9183142D60093A45C /* icon152.png in Resources */ = {isa = PBXBuildFile; fileRef = B921DCD6183142D60093A45C /* icon152.png */; };
		B921DCDA183142D60093A45C /* icon76.png in Resources */ = {isa = PBXBuildFile; fileRef = B921DCD7183142D60093A45C /* icon76.png */; };
		B921DCDB183142D60093A45C /* icon120.png in Resources */ = {isa = PBXBuildFile; fileRef = B921DCD8183142D60093A45C /* icon120.png */; };
		B9298C351410532800FCDC83 /* iconlo.png in Resources */ = {isa = PBXBuildFile; fileRef = B9298C341410532800FCDC83 /* iconlo.png */; };
		B9298C371410533400FCDC83 /* iconhi.png in Resources */ = {isa = PBXBuildFile; fileRef = B9298C361410533400FCDC83 /* iconhi.png */; };
		B9298C39141053D700FCDC83 /* iconipad.png in Resources */ = {isa = PBXBuildFile; fileRef = B9298C38141053D700FCDC83 /* iconipad.png */; };
		B944DFF214F16F2300975CC0 /* Settings.bundle in Resources */ = {isa = PBXBuildFile; fileRef = B944DFF114F16F2300975CC0 /* Settings.bundle */; };
		B97EC50E1734B0BF0089E0C2 /* Default-568h@2x.png in Resources */ = {isa = PBXBuildFile; fileRef = B97EC50D1734B0BF0089E0C2 /* Default-568h@2x.png */; };
		B9867659155C5265006368D2 /* Default.png in Resources */ = {isa = PBXBuildFile; fileRef = B9298C3A1410544B00FCDC83 /* Default.png */; };
		B986765D155C5331006368D2 /* Default@2x.png in Resources */ = {isa = PBXBuildFile; fileRef = B9298C3D141055A300FCDC83 /* Default@2x.png */; };
		B9BC8E7B1410FFE5004C6059 /* AudioToolbox.framework in Frameworks */ = {isa = PBXBuildFile; fileRef = B9BC8E7A1410FFE5004C6059 /* AudioToolbox.framework */; };
		B9E5FA3E155D86A00038775C /* iconipad2.png in Resources */ = {isa = PBXBuildFile; fileRef = B9E5FA3D155D86A00038775C /* iconipad2.png */; };
/* End PBXBuildFile section */

/* Begin PBXFileReference section */
		1D30AB110D05D00D00671497 /* Foundation.framework */ = {isa = PBXFileReference; lastKnownFileType = wrapper.framework; name = Foundation.framework; path = System/Library/Frameworks/Foundation.framework; sourceTree = SDKROOT; };
		1D3623240D0F684500981E51 /* photojAppDelegate.h */ = {isa = PBXFileReference; fileEncoding = 4; lastKnownFileType = sourcecode.c.h; path = photojAppDelegate.h; sourceTree = "<group>"; };
		1D3623250D0F684500981E51 /* photojAppDelegate.m */ = {isa = PBXFileReference; fileEncoding = 4; lastKnownFileType = sourcecode.c.objc; path = photojAppDelegate.m; sourceTree = "<group>"; };
		1D6058910D05DD3D006BFB54 /* photoj.app */ = {isa = PBXFileReference; explicitFileType = wrapper.application; includeInIndex = 0; path = photoj.app; sourceTree = BUILT_PRODUCTS_DIR; };
		1DF5F4DF0D08C38300B7A737 /* UIKit.framework */ = {isa = PBXFileReference; lastKnownFileType = wrapper.framework; name = UIKit.framework; path = System/Library/Frameworks/UIKit.framework; sourceTree = SDKROOT; };
		288765A40DF7441C002DB57D /* CoreGraphics.framework */ = {isa = PBXFileReference; lastKnownFileType = wrapper.framework; name = CoreGraphics.framework; path = System/Library/Frameworks/CoreGraphics.framework; sourceTree = SDKROOT; };
		2899E5210DE3E06400AC0155 /* photojViewController.xib */ = {isa = PBXFileReference; lastKnownFileType = file.xib; path = photojViewController.xib; sourceTree = "<group>"; };
		28D7ACF60DDB3853001CB0EB /* photojViewController.h */ = {isa = PBXFileReference; fileEncoding = 4; lastKnownFileType = sourcecode.c.h; path = photojViewController.h; sourceTree = "<group>"; };
		29B97316FDCFA39411CA2CEA /* main.m */ = {isa = PBXFileReference; fileEncoding = 4; lastKnownFileType = sourcecode.c.objc; path = main.m; sourceTree = "<group>"; };
		32CA4F630368D1EE00C91783 /* photoj_Prefix.pch */ = {isa = PBXFileReference; fileEncoding = 4; lastKnownFileType = sourcecode.c.h; path = photoj_Prefix.pch; sourceTree = "<group>"; };
		8D1107310486CEB800E47090 /* photoj-Info.plist */ = {isa = PBXFileReference; fileEncoding = 4; lastKnownFileType = text.plist.xml; path = "photoj-Info.plist"; plistStructureDefinitionIdentifier = "com.apple.xcode.plist.structure-definition.iphone.info-plist"; sourceTree = "<group>"; };
		B905549C19DBCA2200E13649 /* photo.png */ = {isa = PBXFileReference; lastKnownFileType = image.png; path = photo.png; sourceTree = "<group>"; };
		B905549E19DBCA4A00E13649 /* cache.manifest */ = {isa = PBXFileReference; fileEncoding = 4; lastKnownFileType = text; path = cache.manifest; sourceTree = "<group>"; };
		B90554A019DBCA5200E13649 /* favicon.ico */ = {isa = PBXFileReference; lastKnownFileType = image.ico; path = favicon.ico; sourceTree = "<group>"; };
		B90554A219DBCA5B00E13649 /* indexa.html */ = {isa = PBXFileReference; fileEncoding = 4; lastKnownFileType = text.html; path = indexa.html; sourceTree = "<group>"; };
		B90554A419DBCA6A00E13649 /* photo_controller.js */ = {isa = PBXFileReference; fileEncoding = 4; lastKnownFileType = sourcecode.javascript; path = photo_controller.js; sourceTree = "<group>"; };
		B90554A619DBCA7000E13649 /* photo_model.js */ = {isa = PBXFileReference; fileEncoding = 4; lastKnownFileType = sourcecode.javascript; path = photo_model.js; sourceTree = "<group>"; };
		B90554A819DBCA7900E13649 /* photo.css */ = {isa = PBXFileReference; fileEncoding = 4; lastKnownFileType = text.css; path = photo.css; sourceTree = "<group>"; };
		B90554AA19DBCA8900E13649 /* photo_controller_ios.js */ = {isa = PBXFileReference; fileEncoding = 4; lastKnownFileType = sourcecode.javascript; path = photo_controller_ios.js; sourceTree = "<group>"; };
		B90554AC19DBD7BA00E13649 /* photojViewController.m */ = {isa = PBXFileReference; fileEncoding = 4; lastKnownFileType = sourcecode.c.objc; path = photojViewController.m; sourceTree = "<group>"; };
		B921DCD6183142D60093A45C /* icon152.png */ = {isa = PBXFileReference; lastKnownFileType = image.png; path = icon152.png; sourceTree = "<group>"; };
		B921DCD7183142D60093A45C /* icon76.png */ = {isa = PBXFileReference; lastKnownFileType = image.png; path = icon76.png; sourceTree = "<group>"; };
		B921DCD8183142D60093A45C /* icon120.png */ = {isa = PBXFileReference; lastKnownFileType = image.png; path = icon120.png; sourceTree = "<group>"; };
		B9298C341410532800FCDC83 /* iconlo.png */ = {isa = PBXFileReference; lastKnownFileType = image.png; path = iconlo.png; sourceTree = "<group>"; };
		B9298C361410533400FCDC83 /* iconhi.png */ = {isa = PBXFileReference; lastKnownFileType = image.png; path = iconhi.png; sourceTree = "<group>"; };
		B9298C38141053D700FCDC83 /* iconipad.png */ = {isa = PBXFileReference; lastKnownFileType = image.png; path = iconipad.png; sourceTree = "<group>"; };
		B9298C3A1410544B00FCDC83 /* Default.png */ = {isa = PBXFileReference; lastKnownFileType = image.png; path = Default.png; sourceTree = "<group>"; };
		B9298C3D141055A300FCDC83 /* Default@2x.png */ = {isa = PBXFileReference; lastKnownFileType = image.png; path = "Default@2x.png"; sourceTree = "<group>"; };
		B944DFF114F16F2300975CC0 /* Settings.bundle */ = {isa = PBXFileReference; lastKnownFileType = "wrapper.plug-in"; path = Settings.bundle; sourceTree = "<group>"; };
		B97EC50D1734B0BF0089E0C2 /* Default-568h@2x.png */ = {isa = PBXFileReference; lastKnownFileType = image.png; path = "Default-568h@2x.png"; sourceTree = "<group>"; };
		B9BC8E7A1410FFE5004C6059 /* AudioToolbox.framework */ = {isa = PBXFileReference; lastKnownFileType = wrapper.framework; name = AudioToolbox.framework; path = System/Library/Frameworks/AudioToolbox.framework; sourceTree = SDKROOT; };
		B9E5FA3D155D86A00038775C /* iconipad2.png */ = {isa = PBXFileReference; lastKnownFileType = image.png; path = iconipad2.png; sourceTree = "<group>"; };
/* End PBXFileReference section */

/* Begin PBXFrameworksBuildPhase section */
		1D60588F0D05DD3D006BFB54 /* Frameworks */ = {
			isa = PBXFrameworksBuildPhase;
			buildActionMask = 2147483647;
			files = (
				B9BC8E7B1410FFE5004C6059 /* AudioToolbox.framework in Frameworks */,
				1D60589F0D05DD5A006BFB54 /* Foundation.framework in Frameworks */,
				1DF5F4E00D08C38300B7A737 /* UIKit.framework in Frameworks */,
				288765A50DF7441C002DB57D /* CoreGraphics.framework in Frameworks */,
			);
			runOnlyForDeploymentPostprocessing = 0;
		};
/* End PBXFrameworksBuildPhase section */

/* Begin PBXGroup section */
		080E96DDFE201D6D7F000001 /* Classes */ = {
			isa = PBXGroup;
			children = (
				B90554AC19DBD7BA00E13649 /* photojViewController.m */,
				1D3623240D0F684500981E51 /* photojAppDelegate.h */,
				1D3623250D0F684500981E51 /* photojAppDelegate.m */,
				28D7ACF60DDB3853001CB0EB /* photojViewController.h */,
			);
			path = Classes;
			sourceTree = "<group>";
		};
		19C28FACFE9D520D11CA2CBB /* Products */ = {
			isa = PBXGroup;
			children = (
				1D6058910D05DD3D006BFB54 /* photoj.app */,
			);
			name = Products;
			sourceTree = "<group>";
		};
		29B97314FDCFA39411CA2CEA /* CustomTemplate */ = {
			isa = PBXGroup;
			children = (
				B921DCD6183142D60093A45C /* icon152.png */,
				B921DCD7183142D60093A45C /* icon76.png */,
				B921DCD8183142D60093A45C /* icon120.png */,
				B97EC50D1734B0BF0089E0C2 /* Default-568h@2x.png */,
				B9E5FA3D155D86A00038775C /* iconipad2.png */,
				B944DFF114F16F2300975CC0 /* Settings.bundle */,
				B9BC8E7A1410FFE5004C6059 /* AudioToolbox.framework */,
				B9298C3D141055A300FCDC83 /* Default@2x.png */,
				B9298C3A1410544B00FCDC83 /* Default.png */,
				B9298C38141053D700FCDC83 /* iconipad.png */,
				B9298C361410533400FCDC83 /* iconhi.png */,
				B9298C341410532800FCDC83 /* iconlo.png */,
				080E96DDFE201D6D7F000001 /* Classes */,
				29B97315FDCFA39411CA2CEA /* Other Sources */,
				29B97317FDCFA39411CA2CEA /* Resources */,
				29B97323FDCFA39411CA2CEA /* Frameworks */,
				19C28FACFE9D520D11CA2CBB /* Products */,
			);
			name = CustomTemplate;
			sourceTree = "<group>";
		};
		29B97315FDCFA39411CA2CEA /* Other Sources */ = {
			isa = PBXGroup;
			children = (
				32CA4F630368D1EE00C91783 /* photoj_Prefix.pch */,
				29B97316FDCFA39411CA2CEA /* main.m */,
			);
			name = "Other Sources";
			sourceTree = "<group>";
		};
		29B97317FDCFA39411CA2CEA /* Resources */ = {
			isa = PBXGroup;
			children = (
				B981970B140FC27F004C4A16 /* html */,
				2899E5210DE3E06400AC0155 /* photojViewController.xib */,
				8D1107310486CEB800E47090 /* photoj-Info.plist */,
			);
			name = Resources;
			sourceTree = "<group>";
		};
		29B97323FDCFA39411CA2CEA /* Frameworks */ = {
			isa = PBXGroup;
			children = (
				1DF5F4DF0D08C38300B7A737 /* UIKit.framework */,
				1D30AB110D05D00D00671497 /* Foundation.framework */,
				288765A40DF7441C002DB57D /* CoreGraphics.framework */,
			);
			name = Frameworks;
			sourceTree = "<group>";
		};
		B981970B140FC27F004C4A16 /* html */ = {
			isa = PBXGroup;
			children = (
				B90554AA19DBCA8900E13649 /* photo_controller_ios.js */,
				B90554A819DBCA7900E13649 /* photo.css */,
				B90554A619DBCA7000E13649 /* photo_model.js */,
				B90554A419DBCA6A00E13649 /* photo_controller.js */,
				B90554A219DBCA5B00E13649 /* indexa.html */,
				B90554A019DBCA5200E13649 /* favicon.ico */,
				B905549E19DBCA4A00E13649 /* cache.manifest */,
				B905549C19DBCA2200E13649 /* photo.png */,
			);
			path = html;
			sourceTree = "<group>";
		};
/* End PBXGroup section */

/* Begin PBXNativeTarget section */
		1D6058900D05DD3D006BFB54 /* photoj */ = {
			isa = PBXNativeTarget;
			buildConfigurationList = 1D6058960D05DD3E006BFB54 /* Build configuration list for PBXNativeTarget "photoj" */;
			buildPhases = (
				1D60588D0D05DD3D006BFB54 /* Resources */,
				1D60588E0D05DD3D006BFB54 /* Sources */,
				1D60588F0D05DD3D006BFB54 /* Frameworks */,
			);
			buildRules = (
			);
			dependencies = (
			);
			name = photoj;
			productName = photoj;
			productReference = 1D6058910D05DD3D006BFB54 /* photoj.app */;
			productType = "com.apple.product-type.application";
		};
/* End PBXNativeTarget section */

/* Begin PBXProject section */
		29B97313FDCFA39411CA2CEA /* Project object */ = {
			isa = PBXProject;
			attributes = {
				LastUpgradeCheck = 0500;
				ORGANIZATIONNAME = epx.com.br;
			};
			buildConfigurationList = C01FCF4E08A954540054247B /* Build configuration list for PBXProject "photoj" */;
			compatibilityVersion = "Xcode 3.2";
			developmentRegion = English;
			hasScannedForEncodings = 1;
			knownRegions = (
				English,
				Japanese,
				French,
				German,
			);
			mainGroup = 29B97314FDCFA39411CA2CEA /* CustomTemplate */;
			projectDirPath = "";
			projectRoot = "";
			targets = (
				1D6058900D05DD3D006BFB54 /* photoj */,
			);
		};
/* End PBXProject section */

/* Begin PBXResourcesBuildPhase section */
		1D60588D0D05DD3D006BFB54 /* Resources */ = {
			isa = PBXResourcesBuildPhase;
			buildActionMask = 2147483647;
			files = (
				2899E5220DE3E06400AC0155 /* photojViewController.xib in Resources */,
				B90554A119DBCA5200E13649 /* favicon.ico in Resources */,
				B905549D19DBCA2200E13649 /* photo.png in Resources */,
				B9298C351410532800FCDC83 /* iconlo.png in Resources */,
				B90554A919DBCA7900E13649 /* photo.css in Resources */,
				B9298C371410533400FCDC83 /* iconhi.png in Resources */,
				B9298C39141053D700FCDC83 /* iconipad.png in Resources */,
				B90554A719DBCA7000E13649 /* photo_model.js in Resources */,
				B944DFF214F16F2300975CC0 /* Settings.bundle in Resources */,
				B905549F19DBCA4A00E13649 /* cache.manifest in Resources */,
				B90554A519DBCA6A00E13649 /* photo_controller.js in Resources */,
				B9867659155C5265006368D2 /* Default.png in Resources */,
				B986765D155C5331006368D2 /* Default@2x.png in Resources */,
				B9E5FA3E155D86A00038775C /* iconipad2.png in Resources */,
				B921DCDA183142D60093A45C /* icon76.png in Resources */,
				B921DCD9183142D60093A45C /* icon152.png in Resources */,
				B97EC50E1734B0BF0089E0C2 /* Default-568h@2x.png in Resources */,
				B90554AB19DBCA8900E13649 /* photo_controller_ios.js in Resources */,
				B921DCDB183142D60093A45C /* icon120.png in Resources */,
				B90554A319DBCA5B00E13649 /* indexa.html in Resources */,
			);
			runOnlyForDeploymentPostprocessing = 0;
		};
/* End PBXResourcesBuildPhase section */

/* Begin PBXSourcesBuildPhase section */
		1D60588E0D05DD3D006BFB54 /* Sources */ = {
			isa = PBXSourcesBuildPhase;
			buildActionMask = 2147483647;
			files = (
				1D60589B0D05DD56006BFB54 /* main.m in Sources */,
				B90554AD19DBD7BA00E13649 /* photojViewController.m in Sources */,
				1D3623260D0F684500981E51 /* photojAppDelegate.m in Sources */,
			);
			runOnlyForDeploymentPostprocessing = 0;
		};
/* End PBXSourcesBuildPhase section */

/* Begin XCBuildConfiguration section */
		1D6058940D05DD3E006BFB54 /* Debug */ = {
			isa = XCBuildConfiguration;
			buildSettings = {
				ALWAYS_SEARCH_USER_PATHS = NO;
				CLANG_ENABLE_OBJC_ARC = YES;
				CODE_SIGN_IDENTITY = "iPhone Developer";
				"CODE_SIGN_IDENTITY[sdk=iphoneos*]" = "iPhone Developer";
				COPY_PHASE_STRIP = NO;
				GCC_DYNAMIC_NO_PIC = NO;
				GCC_OPTIMIZATION_LEVEL = 0;
				GCC_PRECOMPILE_PREFIX_HEADER = YES;
				GCC_PREFIX_HEADER = photoj_Prefix.pch;
				GCC_THUMB_SUPPORT = NO;
				GCC_VERSION = com.apple.compilers.llvm.clang.1_0;
				INFOPLIST_FILE = "photoj-Info.plist";
				IPHONEOS_DEPLOYMENT_TARGET = 8.0;
				PRODUCT_NAME = photoj;
				PROVISIONING_PROFILE = "";
				"PROVISIONING_PROFILE[sdk=iphoneos*]" = "";
				TARGETED_DEVICE_FAMILY = 1;
			};
			name = Debug;
		};
		1D6058950D05DD3E006BFB54 /* Release */ = {
			isa = XCBuildConfiguration;
			buildSettings = {
				ALWAYS_SEARCH_USER_PATHS = NO;
				CLANG_ENABLE_OBJC_ARC = YES;
				CODE_SIGN_IDENTITY = "iPhone Developer";
				"CODE_SIGN_IDENTITY[sdk=iphoneos*]" = "iPhone Developer";
				COPY_PHASE_STRIP = YES;
				GCC_PRECOMPILE_PREFIX_HEADER = YES;
				GCC_PREFIX_HEADER = photoj_Prefix.pch;
				GCC_THUMB_SUPPORT = NO;
				GCC_VERSION = com.apple.compilers.llvm.clang.1_0;
				INFOPLIST_FILE = "photoj-Info.plist";
				IPHONEOS_DEPLOYMENT_TARGET = 8.0;
				PRODUCT_NAME = photoj;
				PROVISIONING_PROFILE = "";
				"PROVISIONING_PROFILE[sdk=iphoneos*]" = "";
				TARGETED_DEVICE_FAMILY = 1;
				VALIDATE_PRODUCT = YES;
			};
			name = Release;
		};
		B9BC37181415CC5200AB184B /* Distribution */ = {
			isa = XCBuildConfiguration;
			buildSettings = {
				CLANG_ENABLE_MODULES = YES;
				CODE_SIGN_IDENTITY = "iPhone Distribution";
				"CODE_SIGN_IDENTITY[sdk=iphoneos*]" = "iPhone Distribution";
				GCC_C_LANGUAGE_STANDARD = c99;
				GCC_WARN_ABOUT_RETURN_TYPE = YES;
				GCC_WARN_UNUSED_VARIABLE = YES;
				IPHONEOS_DEPLOYMENT_TARGET = 8.0;
				OTHER_CFLAGS = "-DNS_BLOCK_ASSERTIONS=1";
				PROVISIONING_PROFILE = "";
				"PROVISIONING_PROFILE[sdk=iphoneos*]" = "";
				RUN_CLANG_STATIC_ANALYZER = YES;
				SDKROOT = iphoneos;
				"SDKROOT[arch=*]" = iphoneos;
			};
			name = Distribution;
		};
		B9BC37191415CC5200AB184B /* Distribution */ = {
			isa = XCBuildConfiguration;
			buildSettings = {
				ALWAYS_SEARCH_USER_PATHS = NO;
				CLANG_ENABLE_OBJC_ARC = YES;
				COPY_PHASE_STRIP = YES;
				GCC_PRECOMPILE_PREFIX_HEADER = YES;
				GCC_PREFIX_HEADER = photoj_Prefix.pch;
				GCC_THUMB_SUPPORT = NO;
				GCC_VERSION = com.apple.compilers.llvm.clang.1_0;
				INFOPLIST_FILE = "photoj-Info.plist";
				IPHONEOS_DEPLOYMENT_TARGET = 8.0;
				PRODUCT_NAME = photoj;
				TARGETED_DEVICE_FAMILY = 1;
				VALIDATE_PRODUCT = YES;
			};
			name = Distribution;
		};
		C01FCF4F08A954540054247B /* Debug */ = {
			isa = XCBuildConfiguration;
			buildSettings = {
				CLANG_ENABLE_MODULES = YES;
				CODE_SIGN_IDENTITY = "iPhone Developer";
				"CODE_SIGN_IDENTITY[sdk=iphoneos*]" = "iPhone Developer";
				GCC_C_LANGUAGE_STANDARD = c99;
				GCC_WARN_ABOUT_RETURN_TYPE = YES;
				GCC_WARN_UNUSED_VARIABLE = YES;
				IPHONEOS_DEPLOYMENT_TARGET = 8.0;
				ONLY_ACTIVE_ARCH = YES;
				PROVISIONING_PROFILE = "";
				"PROVISIONING_PROFILE[sdk=iphoneos*]" = "";
				RUN_CLANG_STATIC_ANALYZER = YES;
				SDKROOT = iphoneos;
			};
			name = Debug;
		};
		C01FCF5008A954540054247B /* Release */ = {
			isa = XCBuildConfiguration;
			buildSettings = {
				CLANG_ENABLE_MODULES = YES;
				CODE_SIGN_IDENTITY = "iPhone Distribution";
				"CODE_SIGN_IDENTITY[sdk=iphoneos*]" = "iPhone Distribution";
				GCC_C_LANGUAGE_STANDARD = c99;
				GCC_WARN_ABOUT_RETURN_TYPE = YES;
				GCC_WARN_UNUSED_VARIABLE = YES;
				IPHONEOS_DEPLOYMENT_TARGET = 8.0;
				OTHER_CFLAGS = "-DNS_BLOCK_ASSERTIONS=1";
				PROVISIONING_PROFILE = "";
				"PROVISIONING_PROFILE[sdk=iphoneos*]" = "";
				RUN_CLANG_STATIC_ANALYZER = YES;
				SDKROOT = iphoneos;
			};
			name = Release;
		};
/* End XCBuildConfiguration section */

/* Begin XCConfigurationList section */
		1D6058960D05DD3E006BFB54 /* Build configuration list for PBXNativeTarget "photoj" */ = {
			isa = XCConfigurationList;
			buildConfigurations = (
				1D6058940D05DD3E006BFB54 /* Debug */,
				1D6058950D05DD3E006BFB54 /* Release */,
				B9BC37191415CC5200AB184B /* Distribution */,
			);
			defaultConfigurationIsVisible = 0;
			defaultConfigurationName = Debug;
		};
		C01FCF4E08A954540054247B /* Build configuration list for PBXProject "photoj" */ = {
			isa = XCConfigurationList;
			buildConfigurations = (
				C01FCF4F08A954540054247B /* Debug */,
				C01FCF5008A954540054247B /* Release */,
				B9BC37181415CC5200AB184B /* Distribution */,
			);
			defaultConfigurationIsVisible = 0;
			defaultConfigurationName = Debug;
		};
/* End XCConfigurationList section */
	};
	rootObject = 29B97313FDCFA39411CA2CEA /* Project object */;
}
